
Microsoft Visual Studio Solution File, Format Version 12.00
# Visual Studio Version 16
VisualStudioVersion = 16.0.32228.343
MinimumVisualStudioVersion = 10.0.40219.1
Project("{FAE04EC0-301F-11D3-BF4B-00C04F79EFBC}") = "VanillaPsycastsExpanded", "VanillaPsycastsExpanded.csproj", "{EFCF22D0-D660-4310-96D8-ED065982913A}"
EndProject
Global
	GlobalSection(SolutionConfigurationPlatforms) = preSolution
		Debug|Any CPU = Debug|Any CPU
		Release|Any CPU = Release|Any CPU
	EndGlobalSection
	GlobalSection(ProjectConfigurationPlatforms) = postSolution
		{EFCF22D0-D660-4310-96D8-ED065982913A}.Debug|Any CPU.ActiveCfg = Debug|Any CPU
		{EFCF22D0-D660-4310-96D8-ED065982913A}.Debug|Any CPU.Build.0 = Debug|Any CPU
		{EFCF22D0-D660-4310-96D8-ED065982913A}.Release|Any CPU.ActiveCfg = Release|Any CPU
		{EFCF22D0-D660-4310-96D8-ED065982913A}.Release|Any CPU.Build.0 = Release|Any CPU
	EndGlobalSection
	GlobalSection(SolutionProperties) = preSolution
		HideSolutionNode = FALSE
	EndGlobalSection
	GlobalSection(ExtensibilityGlobals) = postSolution
		SolutionGuid = {6E3AACF8-DB97-4421-8296-814EE7C1097B}
	EndGlobalSection
EndGlobal
